Microsoft Visual Studio Solution File, Format Version 8.00
Project("{8BC9CEB8-8B4A-11D0-8D11-00A0C91BC942}") = "SBML_odeSolver", "..\SBML_odeSolver\SBML_odeSolver\SBML_odeSolver.vcproj", "{B243A4E8-8F40-40CD-BAB0-34B002545CA0}"
	ProjectSection(ProjectDependencies) = postProject
		{E92D4874-0AB6-472D-B7FD-8CD9866B85CC} = {E92D4874-0AB6-472D-B7FD-8CD9866B85CC}
	EndProjectSection
EndProject
Project("{8BC9CEB8-8B4A-11D0-8D11-00A0C91BC942}") = "SBML_odeSolverApp", "..\SBML_odeSolverApp\SBML_odeSolverApp\SBML_odeSolverApp.vcproj", "{984CF58B-1E42-4298-A1A5-F334345C6320}"
	ProjectSection(ProjectDependencies) = postProject
		{B243A4E8-8F40-40CD-BAB0-34B002545CA0} = {B243A4E8-8F40-40CD-BAB0-34B002545CA0}
	EndProjectSection
EndProject
Project("{8BC9CEB8-8B4A-11D0-8D11-00A0C91BC942}") = "ParameterScanner", "..\Examples\ParameterScanner\ParameterScanner.vcproj", "{8810FEBB-4FC6-4A76-A6D2-9F0DC6857296}"
	ProjectSection(ProjectDependencies) = postProject
		{B243A4E8-8F40-40CD-BAB0-34B002545CA0} = {B243A4E8-8F40-40CD-BAB0-34B002545CA0}
	EndProjectSection
EndProject
Project("{8BC9CEB8-8B4A-11D0-8D11-00A0C91BC942}") = "Sense", "..\Examples\Sense\Sense\Sense.vcproj", "{03DC8D62-3859-454C-92E0-7AE4008A7186}"
	ProjectSection(ProjectDependencies) = postProject
		{984CF58B-1E42-4298-A1A5-F334345C6320} = {984CF58B-1E42-4298-A1A5-F334345C6320}
		{8810FEBB-4FC6-4A76-A6D2-9F0DC6857296} = {8810FEBB-4FC6-4A76-A6D2-9F0DC6857296}
		{B243A4E8-8F40-40CD-BAB0-34B002545CA0} = {B243A4E8-8F40-40CD-BAB0-34B002545CA0}
	EndProjectSection
EndProject
Project("{8BC9CEB8-8B4A-11D0-8D11-00A0C91BC942}") = "WinCVODE", "..\WinCVODE\WinCVODE\WinCVODE.vcproj", "{E92D4874-0AB6-472D-B7FD-8CD9866B85CC}"
	ProjectSection(ProjectDependencies) = postProject
	EndProjectSection
EndProject
Global
	GlobalSection(SolutionConfiguration) = preSolution
		Debug = Debug
		Release = Release
	EndGlobalSection
	GlobalSection(ProjectConfiguration) = postSolution
		{B243A4E8-8F40-40CD-BAB0-34B002545CA0}.Debug.ActiveCfg = Debug|Win32
		{B243A4E8-8F40-40CD-BAB0-34B002545CA0}.Debug.Build.0 = Debug|Win32
		{B243A4E8-8F40-40CD-BAB0-34B002545CA0}.Release.ActiveCfg = Release|Win32
		{B243A4E8-8F40-40CD-BAB0-34B002545CA0}.Release.Build.0 = Release|Win32
		{984CF58B-1E42-4298-A1A5-F334345C6320}.Debug.ActiveCfg = Debug|Win32
		{984CF58B-1E42-4298-A1A5-F334345C6320}.Debug.Build.0 = Debug|Win32
		{984CF58B-1E42-4298-A1A5-F334345C6320}.Release.ActiveCfg = Release|Win32
		{984CF58B-1E42-4298-A1A5-F334345C6320}.Release.Build.0 = Release|Win32
		{8810FEBB-4FC6-4A76-A6D2-9F0DC6857296}.Debug.ActiveCfg = Debug|Win32
		{8810FEBB-4FC6-4A76-A6D2-9F0DC6857296}.Debug.Build.0 = Debug|Win32
		{8810FEBB-4FC6-4A76-A6D2-9F0DC6857296}.Release.ActiveCfg = Release|Win32
		{8810FEBB-4FC6-4A76-A6D2-9F0DC6857296}.Release.Build.0 = Release|Win32
		{03DC8D62-3859-454C-92E0-7AE4008A7186}.Debug.ActiveCfg = Debug|Win32
		{03DC8D62-3859-454C-92E0-7AE4008A7186}.Debug.Build.0 = Debug|Win32
		{03DC8D62-3859-454C-92E0-7AE4008A7186}.Release.ActiveCfg = Release|Win32
		{03DC8D62-3859-454C-92E0-7AE4008A7186}.Release.Build.0 = Release|Win32
		{E92D4874-0AB6-472D-B7FD-8CD9866B85CC}.Debug.ActiveCfg = Debug|Win32
		{E92D4874-0AB6-472D-B7FD-8CD9866B85CC}.Debug.Build.0 = Debug|Win32
		{E92D4874-0AB6-472D-B7FD-8CD9866B85CC}.Release.ActiveCfg = Release|Win32
		{E92D4874-0AB6-472D-B7FD-8CD9866B85CC}.Release.Build.0 = Release|Win32
	EndGlobalSection
	GlobalSection(ExtensibilityGlobals) = postSolution
	EndGlobalSection
	GlobalSection(ExtensibilityAddIns) = postSolution
	EndGlobalSection
EndGlobal
